
Microsoft Visual Studio Solution File, Format Version 12.00
# Visual Studio Version 17
VisualStudioVersion = 17.1.32228.430
MinimumVisualStudioVersion = 10.0.40219.1
Project("{FAE04EC0-301F-11D3-BF4B-00C04F79EFBC}") = "Lesson_8_Winforms 1", "Lesson_8_Winforms 1\Lesson_8_Winforms 1.csproj", "{32416D1E-F821-4995-9FF5-E2F8D81027C8}"
EndProject
Global
	GlobalSection(SolutionConfigurationPlatforms) = preSolution
		Debug|Any CPU = Debug|Any CPU
		Release|Any CPU = Release|Any CPU
	EndGlobalSection
	GlobalSection(ProjectConfigurationPlatforms) = postSolution
		{32416D1E-F821-4995-9FF5-E2F8D81027C8}.Debug|Any CPU.ActiveCfg = Debug|Any CPU
		{32416D1E-F821-4995-9FF5-E2F8D81027C8}.Debug|Any CPU.Build.0 = Debug|Any CPU
		{32416D1E-F821-4995-9FF5-E2F8D81027C8}.Release|Any CPU.ActiveCfg = Release|Any CPU
		{32416D1E-F821-4995-9FF5-E2F8D81027C8}.Release|Any CPU.Build.0 = Release|Any CPU
	EndGlobalSection
	GlobalSection(SolutionProperties) = preSolution
		HideSolutionNode = FALSE
	EndGlobalSection
	GlobalSection(ExtensibilityGlobals) = postSolution
		SolutionGuid = {BFC27CC5-0F54-4886-B7E2-AB77FE451D78}
	EndGlobalSection
EndGlobal
